<?xml version="1.0" encoding="utf-8"?>
<Project ToolsVersion="4.0" xmlns="http://schemas.microsoft.com/developer/msbuild/2003">
  <ItemGroup>
    <CudaCompile Include="kernel.cu" />
    <CudaCompile Include="Timers\DeviceTimer.cu" />
    <CudaCompile Include="Timers\HostTimer.cu" />
    <CudaCompile Include="ProgramManagers\ParseProgramParameters.cu" />
  </ItemGroup>
  <ItemGroup>
    <Filter Include="Timers">
      <UniqueIdentifier>{ac23978c-f9c8-4479-87cd-6bc444652062}</UniqueIdentifier>
    </Filter>
    <Filter Include="GPU1">
      <UniqueIdentifier>{cafeb9eb-fb0e-4f49-a885-239e51f23860}</UniqueIdentifier>
    </Filter>
    <Filter Include="CommonGPU">
      <UniqueIdentifier>{71cc83da-9d1a-43de-8eda-0719764ffbb4}</UniqueIdentifier>
    </Filter>
    <Filter Include="CPU">
      <UniqueIdentifier>{1f73d890-0f56-4c1c-9e44-1c28dae3284f}</UniqueIdentifier>
    </Filter>
    <Filter Include="ProgramManagers">
      <UniqueIdentifier>{e80b8a10-6187-4c72-af2f-4cbb92bd4b73}</UniqueIdentifier>
    </Filter>
    <Filter Include="GPU2">
      <UniqueIdentifier>{ffc73c5d-8b1a-47f9-b9fa-bbf55611b9a0}</UniqueIdentifier>
    </Filter>
  </ItemGroup>
  <ItemGroup>
    <ClInclude Include="Timers\Timer.cuh">
      <Filter>Timers</Filter>
    </ClInclude>
    <ClInclude Include="Timers\HostTimer.cuh">
      <Filter>Timers</Filter>
    </ClInclude>
    <ClInclude Include="Timers\DeviceTimer.cuh">
      <Filter>Timers</Filter>
    </ClInclude>
    <ClInclude Include="Point.cuh" />
    <ClInclude Include="CPU\ClusteringCPU.cuh">
      <Filter>CPU</Filter>
    </ClInclude>
    <ClInclude Include="ProgramManagers\ProgramParameters.cuh">
      <Filter>ProgramManagers</Filter>
    </ClInclude>
    <ClInclude Include="ProgramManagers\ParseProgramParameters.cuh">
      <Filter>ProgramManagers</Filter>
    </ClInclude>
    <ClInclude Include="ProgramManagers\ProgramManager.cuh">
      <Filter>ProgramManagers</Filter>
    </ClInclude>
    <ClInclude Include="ProgramManagers\CreateManagerInstance.cuh">
      <Filter>ProgramManagers</Filter>
    </ClInclude>
    <ClInclude Include="GPU2\ClusteringGPU2.cuh">
      <Filter>GPU2</Filter>
    </ClInclude>
    <ClInclude Include="CudaCheck.cuh" />
    <ClInclude Include="Timers\TimerManager.cuh">
      <Filter>Timers</Filter>
    </ClInclude>
    <ClInclude Include="Visualization\Visualization.cuh" />
    <ClInclude Include="GPU1\ClusteringGPU1.cuh" />
    <ClInclude Include="GPU1\DeviceData.cuh" />
    <ClInclude Include="GPU1\DevicePointsCollection.cuh" />
    <ClInclude Include="GPU1\DeviceRawData.cuh" />
  </ItemGroup>
</Project>